
Microsoft Visual Studio Solution File, Format Version 12.00
# Visual Studio Version 17
VisualStudioVersion = 17.7.34202.233
MinimumVisualStudioVersion = 10.0.40219.1
Project("{FAE04EC0-301F-11D3-BF4B-00C04F79EFBC}") = "TicTacToe", "TicTacToe\TicTacToe.csproj", "{92B7CF04-F002-4995-B3ED-733763D816EB}"
EndProject
Global
	GlobalSection(SolutionConfigurationPlatforms) = preSolution
		Debug|Any CPU = Debug|Any CPU
		Release|Any CPU = Release|Any CPU
	EndGlobalSection
	GlobalSection(ProjectConfigurationPlatforms) = postSolution
		{92B7CF04-F002-4995-B3ED-733763D816EB}.Debug|Any CPU.ActiveCfg = Debug|Any CPU
		{92B7CF04-F002-4995-B3ED-733763D816EB}.Debug|Any CPU.Build.0 = Debug|Any CPU
		{92B7CF04-F002-4995-B3ED-733763D816EB}.Release|Any CPU.ActiveCfg = Release|Any CPU
		{92B7CF04-F002-4995-B3ED-733763D816EB}.Release|Any CPU.Build.0 = Release|Any CPU
	EndGlobalSection
	GlobalSection(SolutionProperties) = preSolution
		HideSolutionNode = FALSE
	EndGlobalSection
	GlobalSection(ExtensibilityGlobals) = postSolution
		SolutionGuid = {0497F71F-E1FC-4225-AAE4-F1E055B76D85}
	EndGlobalSection
EndGlobal
